# uv lockfile for causal_agent virtual environment
version = 1

[pip]
packages = [
  "pandas",
  "numpy",
  "econml",
  "scikit-learn",
  "streamlit",
  "scipy",
  "langchain_openai",
  "langchain",
  "python-dotenv",
]

# uv pip-style requirements (plain pip format)
pandas
numpy
econml
scikit-learn
streamlit
scipy
langchain_openai
langchain
python-dotenv
